
Microsoft Visual Studio Solution File, Format Version 12.00
# Visual Studio 2012
Project("{FAE04EC0-301F-11D3-BF4B-00C04F79EFBC}") = "Addidas.Web", "Addidas.Web\Addidas.Web.csproj", "{C85A6E41-8DC2-408A-9CCF-C10D0605A1E2}"
EndProject
Project("{FAE04EC0-301F-11D3-BF4B-00C04F79EFBC}") = "Addidas.Data", "..\Addidas.Data\Addidas.Data.csproj", "{BFFE6C8E-5663-41A9-9B13-05E88CDC73C5}"
EndProject
Project("{FAE04EC0-301F-11D3-BF4B-00C04F79EFBC}") = "Addidas.Model", "..\Addidas.Model\Addidas.Model.csproj", "{3F0D814C-8195-4F2A-8ADA-3A091C420A47}"
EndProject
Project("{FAE04EC0-301F-11D3-BF4B-00C04F79EFBC}") = "Addidas.Common", "..\Addidas.Common\Addidas.Common.csproj", "{77A05D31-AF7D-4F61-9DB4-E7FCC359D8F3}"
EndProject
Global
	GlobalSection(SolutionConfigurationPlatforms) = preSolution
		Debug|Any CPU = Debug|Any CPU
		Release|Any CPU = Release|Any CPU
	EndGlobalSection
	GlobalSection(ProjectConfigurationPlatforms) = postSolution
		{C85A6E41-8DC2-408A-9CCF-C10D0605A1E2}.Debug|Any CPU.ActiveCfg = Debug|Any CPU
		{C85A6E41-8DC2-408A-9CCF-C10D0605A1E2}.Debug|Any CPU.Build.0 = Debug|Any CPU
		{C85A6E41-8DC2-408A-9CCF-C10D0605A1E2}.Release|Any CPU.ActiveCfg = Release|Any CPU
		{C85A6E41-8DC2-408A-9CCF-C10D0605A1E2}.Release|Any CPU.Build.0 = Release|Any CPU
		{BFFE6C8E-5663-41A9-9B13-05E88CDC73C5}.Debug|Any CPU.ActiveCfg = Debug|Any CPU
		{BFFE6C8E-5663-41A9-9B13-05E88CDC73C5}.Debug|Any CPU.Build.0 = Debug|Any CPU
		{BFFE6C8E-5663-41A9-9B13-05E88CDC73C5}.Release|Any CPU.ActiveCfg = Release|Any CPU
		{BFFE6C8E-5663-41A9-9B13-05E88CDC73C5}.Release|Any CPU.Build.0 = Release|Any CPU
		{3F0D814C-8195-4F2A-8ADA-3A091C420A47}.Debug|Any CPU.ActiveCfg = Debug|Any CPU
		{3F0D814C-8195-4F2A-8ADA-3A091C420A47}.Debug|Any CPU.Build.0 = Debug|Any CPU
		{3F0D814C-8195-4F2A-8ADA-3A091C420A47}.Release|Any CPU.ActiveCfg = Release|Any CPU
		{3F0D814C-8195-4F2A-8ADA-3A091C420A47}.Release|Any CPU.Build.0 = Release|Any CPU
		{77A05D31-AF7D-4F61-9DB4-E7FCC359D8F3}.Debug|Any CPU.ActiveCfg = Debug|Any CPU
		{77A05D31-AF7D-4F61-9DB4-E7FCC359D8F3}.Debug|Any CPU.Build.0 = Debug|Any CPU
		{77A05D31-AF7D-4F61-9DB4-E7FCC359D8F3}.Release|Any CPU.ActiveCfg = Release|Any CPU
		{77A05D31-AF7D-4F61-9DB4-E7FCC359D8F3}.Release|Any CPU.Build.0 = Release|Any CPU
	EndGlobalSection
	GlobalSection(SolutionProperties) = preSolution
		HideSolutionNode = FALSE
	EndGlobalSection
EndGlobal
